
Microsoft Visual Studio Solution File, Format Version 12.00
# Visual Studio Version 16
VisualStudioVersion = 16.0.31702.278
MinimumVisualStudioVersion = 10.0.40219.1
Project("{FAE04EC0-301F-11D3-BF4B-00C04F79EFBC}") = "ApiCatalogoJogos", "ApiCatalogoJogos\ApiCatalogoJogos.csproj", "{E489B558-B7E7-4C75-951D-72CCF8FC0716}"
EndProject
Project("{2150E333-8FDC-42A3-9474-1A3956D46DE8}") = "Solution Items", "Solution Items", "{7AA37CD8-CF35-4318-B3DA-14DFAF2FD580}"
	ProjectSection(SolutionItems) = preProject
		.editorconfig = .editorconfig
	EndProjectSection
EndProject
Global
	GlobalSection(SolutionConfigurationPlatforms) = preSolution
		Debug|Any CPU = Debug|Any CPU
		Release|Any CPU = Release|Any CPU
	EndGlobalSection
	GlobalSection(ProjectConfigurationPlatforms) = postSolution
		{E489B558-B7E7-4C75-951D-72CCF8FC0716}.Debug|Any CPU.ActiveCfg = Debug|Any CPU
		{E489B558-B7E7-4C75-951D-72CCF8FC0716}.Debug|Any CPU.Build.0 = Debug|Any CPU
		{E489B558-B7E7-4C75-951D-72CCF8FC0716}.Release|Any CPU.ActiveCfg = Release|Any CPU
		{E489B558-B7E7-4C75-951D-72CCF8FC0716}.Release|Any CPU.Build.0 = Release|Any CPU
	EndGlobalSection
	GlobalSection(SolutionProperties) = preSolution
		HideSolutionNode = FALSE
	EndGlobalSection
	GlobalSection(ExtensibilityGlobals) = postSolution
		SolutionGuid = {ADDBBC40-7262-4488-866E-97D85D5311CE}
	EndGlobalSection
EndGlobal
